
Microsoft Visual Studio Solution File, Format Version 12.00
# Visual Studio Version 17
VisualStudioVersion = 17.13.35825.156 d17.13
MinimumVisualStudioVersion = 10.0.40219.1
Project("{FAE04EC0-301F-11D3-BF4B-00C04F79EFBC}") = "api-auth", "api-auth.csproj", "{8A9F0F15-7EA4-4916-959F-D63B63EA3874}"
EndProject
Global
	GlobalSection(SolutionConfigurationPlatforms) = preSolution
		Debug|Any CPU = Debug|Any CPU
		Release|Any CPU = Release|Any CPU
	EndGlobalSection
	GlobalSection(ProjectConfigurationPlatforms) = postSolution
		{8A9F0F15-7EA4-4916-959F-D63B63EA3874}.Debug|Any CPU.ActiveCfg = Debug|Any CPU
		{8A9F0F15-7EA4-4916-959F-D63B63EA3874}.Debug|Any CPU.Build.0 = Debug|Any CPU
		{8A9F0F15-7EA4-4916-959F-D63B63EA3874}.Release|Any CPU.ActiveCfg = Release|Any CPU
		{8A9F0F15-7EA4-4916-959F-D63B63EA3874}.Release|Any CPU.Build.0 = Release|Any CPU
	EndGlobalSection
	GlobalSection(SolutionProperties) = preSolution
		HideSolutionNode = FALSE
	EndGlobalSection
	GlobalSection(ExtensibilityGlobals) = postSolution
		SolutionGuid = {C0C6EC8F-7B0F-480C-9650-8A5CF0031087}
	EndGlobalSection
EndGlobal
